
Microsoft Visual Studio Solution File, Format Version 12.00
# Visual Studio 14
VisualStudioVersion = 14.0.25420.1
MinimumVisualStudioVersion = 10.0.40219.1
Project("{FAE04EC0-301F-11D3-BF4B-00C04F79EFBC}") = "FitnessFrog.App", "FitnessFrog.App\FitnessFrog.App.csproj", "{0C1B57CE-9C15-4D30-ABC6-93A253FB71C4}"
EndProject
Project("{FAE04EC0-301F-11D3-BF4B-00C04F79EFBC}") = "FitnessFrog.BMI", "FitnessFrog.BMI\FitnessFrog.BMI.csproj", "{EA01967D-CEF4-426A-BCFA-86A3FB0D44FD}"
EndProject
Project("{2150E333-8FDC-42A3-9474-1A3956D46DE8}") = "Core", "Core", "{B52FC5A9-7A26-4DE7-AEAF-C978FDDD0EA1}"
EndProject
Project("{2150E333-8FDC-42A3-9474-1A3956D46DE8}") = "Win UI Tests", "Win UI Tests", "{D73351AE-FEF6-4936-B55B-18BC86072B2E}"
EndProject
Project("{8BB2217D-0F2D-49D1-97BC-3654ED321F3B}") = "FitnessFrog.Core.UI", "FitnessFrog.Core.UI\FitnessFrog.Core.UI.xproj", "{744DA845-03B0-44C1-8ED0-9AC9D419C576}"
EndProject
Project("{8BB2217D-0F2D-49D1-97BC-3654ED321F3B}") = "FitnessFrog.Core", "FitnessFrog.Core\FitnessFrog.Core.xproj", "{11F88FAB-D457-4301-B28C-D1BC1C2744A0}"
EndProject
Project("{8BB2217D-0F2D-49D1-97BC-3654ED321F3B}") = "FitnessFrog.Core.Domain", "FitnessFrog.Core.Domain\FitnessFrog.Core.Domain.xproj", "{03E8549E-7A35-48A4-A944-394D3A474AFF}"
EndProject
Project("{8BB2217D-0F2D-49D1-97BC-3654ED321F3B}") = "FitnessFrog.Core.Domain.Data", "FitnessFrog.Core.Domain.Data\FitnessFrog.Core.Domain.Data.xproj", "{C5B5B412-8C20-4B6B-8D35-5FA9C3B47688}"
EndProject
Global
	GlobalSection(SolutionConfigurationPlatforms) = preSolution
		Debug|Any CPU = Debug|Any CPU
		Release|Any CPU = Release|Any CPU
	EndGlobalSection
	GlobalSection(ProjectConfigurationPlatforms) = postSolution
		{0C1B57CE-9C15-4D30-ABC6-93A253FB71C4}.Debug|Any CPU.ActiveCfg = Debug|Any CPU
		{0C1B57CE-9C15-4D30-ABC6-93A253FB71C4}.Debug|Any CPU.Build.0 = Debug|Any CPU
		{0C1B57CE-9C15-4D30-ABC6-93A253FB71C4}.Release|Any CPU.ActiveCfg = Release|Any CPU
		{0C1B57CE-9C15-4D30-ABC6-93A253FB71C4}.Release|Any CPU.Build.0 = Release|Any CPU
		{EA01967D-CEF4-426A-BCFA-86A3FB0D44FD}.Debug|Any CPU.ActiveCfg = Debug|Any CPU
		{EA01967D-CEF4-426A-BCFA-86A3FB0D44FD}.Debug|Any CPU.Build.0 = Debug|Any CPU
		{EA01967D-CEF4-426A-BCFA-86A3FB0D44FD}.Release|Any CPU.ActiveCfg = Release|Any CPU
		{EA01967D-CEF4-426A-BCFA-86A3FB0D44FD}.Release|Any CPU.Build.0 = Release|Any CPU
		{744DA845-03B0-44C1-8ED0-9AC9D419C576}.Debug|Any CPU.ActiveCfg = Debug|Any CPU
		{744DA845-03B0-44C1-8ED0-9AC9D419C576}.Debug|Any CPU.Build.0 = Debug|Any CPU
		{744DA845-03B0-44C1-8ED0-9AC9D419C576}.Release|Any CPU.ActiveCfg = Release|Any CPU
		{744DA845-03B0-44C1-8ED0-9AC9D419C576}.Release|Any CPU.Build.0 = Release|Any CPU
		{11F88FAB-D457-4301-B28C-D1BC1C2744A0}.Debug|Any CPU.ActiveCfg = Debug|Any CPU
		{11F88FAB-D457-4301-B28C-D1BC1C2744A0}.Debug|Any CPU.Build.0 = Debug|Any CPU
		{11F88FAB-D457-4301-B28C-D1BC1C2744A0}.Release|Any CPU.ActiveCfg = Release|Any CPU
		{11F88FAB-D457-4301-B28C-D1BC1C2744A0}.Release|Any CPU.Build.0 = Release|Any CPU
		{03E8549E-7A35-48A4-A944-394D3A474AFF}.Debug|Any CPU.ActiveCfg = Debug|Any CPU
		{03E8549E-7A35-48A4-A944-394D3A474AFF}.Debug|Any CPU.Build.0 = Debug|Any CPU
		{03E8549E-7A35-48A4-A944-394D3A474AFF}.Release|Any CPU.ActiveCfg = Release|Any CPU
		{03E8549E-7A35-48A4-A944-394D3A474AFF}.Release|Any CPU.Build.0 = Release|Any CPU
		{C5B5B412-8C20-4B6B-8D35-5FA9C3B47688}.Debug|Any CPU.ActiveCfg = Debug|Any CPU
		{C5B5B412-8C20-4B6B-8D35-5FA9C3B47688}.Debug|Any CPU.Build.0 = Debug|Any CPU
		{C5B5B412-8C20-4B6B-8D35-5FA9C3B47688}.Release|Any CPU.ActiveCfg = Release|Any CPU
		{C5B5B412-8C20-4B6B-8D35-5FA9C3B47688}.Release|Any CPU.Build.0 = Release|Any CPU
	EndGlobalSection
	GlobalSection(SolutionProperties) = preSolution
		HideSolutionNode = FALSE
	EndGlobalSection
	GlobalSection(NestedProjects) = preSolution
		{0C1B57CE-9C15-4D30-ABC6-93A253FB71C4} = {D73351AE-FEF6-4936-B55B-18BC86072B2E}
		{EA01967D-CEF4-426A-BCFA-86A3FB0D44FD} = {D73351AE-FEF6-4936-B55B-18BC86072B2E}
		{744DA845-03B0-44C1-8ED0-9AC9D419C576} = {B52FC5A9-7A26-4DE7-AEAF-C978FDDD0EA1}
		{11F88FAB-D457-4301-B28C-D1BC1C2744A0} = {B52FC5A9-7A26-4DE7-AEAF-C978FDDD0EA1}
		{03E8549E-7A35-48A4-A944-394D3A474AFF} = {B52FC5A9-7A26-4DE7-AEAF-C978FDDD0EA1}
		{C5B5B412-8C20-4B6B-8D35-5FA9C3B47688} = {B52FC5A9-7A26-4DE7-AEAF-C978FDDD0EA1}
	EndGlobalSection
EndGlobal
